<Solution>
  <Folder Name="/src/">
    <Project Path="src/JevLauncher.App/JevLauncher.App.csproj" />
    <Project Path="src/JevLauncher.Core/JevLauncher.Core.csproj" />
  </Folder>
  <Folder Name="/tests/">
    <Project Path="tests/JevLauncher.Tests/JevLauncher.Tests.csproj" />
  </Folder>
</Solution>
